
Microsoft Visual Studio Solution File, Format Version 12.00
# Visual Studio 14
VisualStudioVersion = 14.0.25420.1
MinimumVisualStudioVersion = 10.0.40219.1
Project("{2150E333-8FDC-42A3-9474-1A3956D46DE8}") = "src", "src", "{8854C5E8-0503-4D19-BE16-4FD5E8103F13}"
EndProject
Project("{2150E333-8FDC-42A3-9474-1A3956D46DE8}") = "Solution Items", "Solution Items", "{B41327E0-CFA2-4EE3-9995-987F810A02F8}"
	ProjectSection(SolutionItems) = preProject
		global.json = global.json
	EndProjectSection
EndProject
Project("{8BB2217D-0F2D-49D1-97BC-3654ED321F3B}") = "RedFixGreen", "src\RedFixGreen\RedFixGreen.xproj", "{B7F39980-3141-4886-84F6-70CB8840D863}"
EndProject
Project("{8BB2217D-0F2D-49D1-97BC-3654ED321F3B}") = "RedFixGreen.Api", "src\RedFixGreen.Api\RedFixGreen.Api.xproj", "{C57E129B-9A95-41FE-BF1B-509C658A27A3}"
EndProject
Project("{2150E333-8FDC-42A3-9474-1A3956D46DE8}") = "test", "test", "{05B51B43-4568-4271-939C-31734DEE0061}"
EndProject
Project("{8BB2217D-0F2D-49D1-97BC-3654ED321F3B}") = "RedFixGreen.Domain", "src\RedFixGreen.Domain\RedFixGreen.Domain.xproj", "{9E148D37-CBE6-4A8F-A359-DEC4ACDF587C}"
EndProject
Project("{8BB2217D-0F2D-49D1-97BC-3654ED321F3B}") = "RedFixGreen.Api.Tests", "test\RedFixGreen.Api.Tests\RedFixGreen.Api.Tests.xproj", "{830C0F44-9DA1-426A-AD7F-2ADD9E1BD5E6}"
EndProject
Project("{8BB2217D-0F2D-49D1-97BC-3654ED321F3B}") = "RedFixGreen.Data", "src\RedFixGreen.Data\RedFixGreen.Data.xproj", "{A7407BA9-5D2D-47DD-A356-99A1FB86C42B}"
EndProject
Project("{8BB2217D-0F2D-49D1-97BC-3654ED321F3B}") = "RedFixGreen.Domain.Tests", "test\RedFixGreen.Domain.Tests\RedFixGreen.Domain.Tests.xproj", "{7A7CFE05-8CDC-4653-A1CD-B38D00AEB45C}"
EndProject
Project("{8BB2217D-0F2D-49D1-97BC-3654ED321F3B}") = "RedFixGreen.Data.Tests", "test\RedFixGreen.Data.Tests\RedFixGreen.Data.Tests.xproj", "{381A6AFD-FEB0-4629-B0CC-25CACBA2E58C}"
EndProject
Project("{8BB2217D-0F2D-49D1-97BC-3654ED321F3B}") = "RedFixGreen.Tests", "test\RedFixGreen.Tests\RedFixGreen.Tests.xproj", "{91990F45-705B-4F74-989F-613B9E3989CE}"
EndProject
Global
	GlobalSection(SolutionConfigurationPlatforms) = preSolution
		Debug|Any CPU = Debug|Any CPU
		Release|Any CPU = Release|Any CPU
	EndGlobalSection
	GlobalSection(ProjectConfigurationPlatforms) = postSolution
		{B7F39980-3141-4886-84F6-70CB8840D863}.Debug|Any CPU.ActiveCfg = Debug|Any CPU
		{B7F39980-3141-4886-84F6-70CB8840D863}.Debug|Any CPU.Build.0 = Debug|Any CPU
		{B7F39980-3141-4886-84F6-70CB8840D863}.Release|Any CPU.ActiveCfg = Release|Any CPU
		{B7F39980-3141-4886-84F6-70CB8840D863}.Release|Any CPU.Build.0 = Release|Any CPU
		{C57E129B-9A95-41FE-BF1B-509C658A27A3}.Debug|Any CPU.ActiveCfg = Debug|Any CPU
		{C57E129B-9A95-41FE-BF1B-509C658A27A3}.Debug|Any CPU.Build.0 = Debug|Any CPU
		{C57E129B-9A95-41FE-BF1B-509C658A27A3}.Release|Any CPU.ActiveCfg = Release|Any CPU
		{C57E129B-9A95-41FE-BF1B-509C658A27A3}.Release|Any CPU.Build.0 = Release|Any CPU
		{9E148D37-CBE6-4A8F-A359-DEC4ACDF587C}.Debug|Any CPU.ActiveCfg = Debug|Any CPU
		{9E148D37-CBE6-4A8F-A359-DEC4ACDF587C}.Debug|Any CPU.Build.0 = Debug|Any CPU
		{9E148D37-CBE6-4A8F-A359-DEC4ACDF587C}.Release|Any CPU.ActiveCfg = Release|Any CPU
		{9E148D37-CBE6-4A8F-A359-DEC4ACDF587C}.Release|Any CPU.Build.0 = Release|Any CPU
		{830C0F44-9DA1-426A-AD7F-2ADD9E1BD5E6}.Debug|Any CPU.ActiveCfg = Debug|Any CPU
		{830C0F44-9DA1-426A-AD7F-2ADD9E1BD5E6}.Debug|Any CPU.Build.0 = Debug|Any CPU
		{830C0F44-9DA1-426A-AD7F-2ADD9E1BD5E6}.Release|Any CPU.ActiveCfg = Release|Any CPU
		{830C0F44-9DA1-426A-AD7F-2ADD9E1BD5E6}.Release|Any CPU.Build.0 = Release|Any CPU
		{A7407BA9-5D2D-47DD-A356-99A1FB86C42B}.Debug|Any CPU.ActiveCfg = Debug|Any CPU
		{A7407BA9-5D2D-47DD-A356-99A1FB86C42B}.Debug|Any CPU.Build.0 = Debug|Any CPU
		{A7407BA9-5D2D-47DD-A356-99A1FB86C42B}.Release|Any CPU.ActiveCfg = Release|Any CPU
		{A7407BA9-5D2D-47DD-A356-99A1FB86C42B}.Release|Any CPU.Build.0 = Release|Any CPU
		{7A7CFE05-8CDC-4653-A1CD-B38D00AEB45C}.Debug|Any CPU.ActiveCfg = Debug|Any CPU
		{7A7CFE05-8CDC-4653-A1CD-B38D00AEB45C}.Debug|Any CPU.Build.0 = Debug|Any CPU
		{7A7CFE05-8CDC-4653-A1CD-B38D00AEB45C}.Release|Any CPU.ActiveCfg = Release|Any CPU
		{7A7CFE05-8CDC-4653-A1CD-B38D00AEB45C}.Release|Any CPU.Build.0 = Release|Any CPU
		{381A6AFD-FEB0-4629-B0CC-25CACBA2E58C}.Debug|Any CPU.ActiveCfg = Debug|Any CPU
		{381A6AFD-FEB0-4629-B0CC-25CACBA2E58C}.Debug|Any CPU.Build.0 = Debug|Any CPU
		{381A6AFD-FEB0-4629-B0CC-25CACBA2E58C}.Release|Any CPU.ActiveCfg = Release|Any CPU
		{381A6AFD-FEB0-4629-B0CC-25CACBA2E58C}.Release|Any CPU.Build.0 = Release|Any CPU
		{91990F45-705B-4F74-989F-613B9E3989CE}.Debug|Any CPU.ActiveCfg = Debug|Any CPU
		{91990F45-705B-4F74-989F-613B9E3989CE}.Debug|Any CPU.Build.0 = Debug|Any CPU
		{91990F45-705B-4F74-989F-613B9E3989CE}.Release|Any CPU.ActiveCfg = Release|Any CPU
		{91990F45-705B-4F74-989F-613B9E3989CE}.Release|Any CPU.Build.0 = Release|Any CPU
	EndGlobalSection
	GlobalSection(SolutionProperties) = preSolution
		HideSolutionNode = FALSE
	EndGlobalSection
	GlobalSection(NestedProjects) = preSolution
		{B7F39980-3141-4886-84F6-70CB8840D863} = {8854C5E8-0503-4D19-BE16-4FD5E8103F13}
		{C57E129B-9A95-41FE-BF1B-509C658A27A3} = {8854C5E8-0503-4D19-BE16-4FD5E8103F13}
		{9E148D37-CBE6-4A8F-A359-DEC4ACDF587C} = {8854C5E8-0503-4D19-BE16-4FD5E8103F13}
		{830C0F44-9DA1-426A-AD7F-2ADD9E1BD5E6} = {05B51B43-4568-4271-939C-31734DEE0061}
		{A7407BA9-5D2D-47DD-A356-99A1FB86C42B} = {8854C5E8-0503-4D19-BE16-4FD5E8103F13}
		{7A7CFE05-8CDC-4653-A1CD-B38D00AEB45C} = {05B51B43-4568-4271-939C-31734DEE0061}
		{381A6AFD-FEB0-4629-B0CC-25CACBA2E58C} = {05B51B43-4568-4271-939C-31734DEE0061}
		{91990F45-705B-4F74-989F-613B9E3989CE} = {05B51B43-4568-4271-939C-31734DEE0061}
	EndGlobalSection
EndGlobal
